
Microsoft Visual Studio Solution File, Format Version 11.00
# Visual Studio 2010
Project("{FAE04EC0-301F-11D3-BF4B-00C04F79EFBC}") = "BuzzyGo.Commands", "BuzzyGo.Commands\BuzzyGo.Commands.csproj", "{9140115A-95E6-4178-B6DB-3C32F360B2D6}"
EndProject
Project("{FAE04EC0-301F-11D3-BF4B-00C04F79EFBC}") = "BuzzyGo.Events", "BuzzyGo.Events\BuzzyGo.Events.csproj", "{50CDC4F0-4227-412B-A622-DE398E348545}"
	ProjectSection(ProjectDependencies) = postProject
		{77AB7615-49B9-403E-A08A-34D8CE904550} = {77AB7615-49B9-403E-A08A-34D8CE904550}
	EndProjectSection
EndProject
Project("{FAE04EC0-301F-11D3-BF4B-00C04F79EFBC}") = "BuzzyGo.Domain", "BuzzyGo.Domain\BuzzyGo.Domain.csproj", "{CA963138-AD0A-4E42-B214-17F29880AB36}"
	ProjectSection(ProjectDependencies) = postProject
		{77AB7615-49B9-403E-A08A-34D8CE904550} = {77AB7615-49B9-403E-A08A-34D8CE904550}
		{1A53F757-D29F-4EB1-AE08-60550F54CFCE} = {1A53F757-D29F-4EB1-AE08-60550F54CFCE}
		{50CDC4F0-4227-412B-A622-DE398E348545} = {50CDC4F0-4227-412B-A622-DE398E348545}
	EndProjectSection
EndProject
Project("{FAE04EC0-301F-11D3-BF4B-00C04F79EFBC}") = "BuzzyGo.Denormalizer", "BuzzyGo.Denormalizer\BuzzyGo.Denormalizer.csproj", "{4251FA48-4182-431A-A335-D8AD9C9B5F8F}"
	ProjectSection(ProjectDependencies) = postProject
		{77AB7615-49B9-403E-A08A-34D8CE904550} = {77AB7615-49B9-403E-A08A-34D8CE904550}
		{1A53F757-D29F-4EB1-AE08-60550F54CFCE} = {1A53F757-D29F-4EB1-AE08-60550F54CFCE}
		{50CDC4F0-4227-412B-A622-DE398E348545} = {50CDC4F0-4227-412B-A622-DE398E348545}
	EndProjectSection
EndProject
Project("{2150E333-8FDC-42A3-9474-1A3956D46DE8}") = "CQRS", "CQRS", "{6E99F53C-CF82-4D33-99E2-25FE8A98F496}"
EndProject
Project("{FAE04EC0-301F-11D3-BF4B-00C04F79EFBC}") = "BuzzyGo.Repository", "BuzzyGo.Repository\BuzzyGo.Repository.csproj", "{77AB7615-49B9-403E-A08A-34D8CE904550}"
EndProject
Project("{CC5FD16D-436D-48AD-A40C-5A424C6E3E79}") = "BuzzyGoCloud", "BuzzyGoCloud\BuzzyGoCloud.ccproj", "{E59FE9CE-B962-4209-9F44-1EC244DAFFA6}"
EndProject
Project("{FAE04EC0-301F-11D3-BF4B-00C04F79EFBC}") = "BuzzyGo.Web", "BuzzyGo.Web\BuzzyGo.Web.csproj", "{04E13AE0-924F-45A5-9018-2BA1C4094ACA}"
	ProjectSection(ProjectDependencies) = postProject
		{77AB7615-49B9-403E-A08A-34D8CE904550} = {77AB7615-49B9-403E-A08A-34D8CE904550}
		{9622BC1E-D653-4211-8A6C-0F6F975B5970} = {9622BC1E-D653-4211-8A6C-0F6F975B5970}
		{1A53F757-D29F-4EB1-AE08-60550F54CFCE} = {1A53F757-D29F-4EB1-AE08-60550F54CFCE}
		{DF4AF56C-DF1F-4541-9C0F-5FB53EC01E59} = {DF4AF56C-DF1F-4541-9C0F-5FB53EC01E59}
	EndProjectSection
EndProject
Project("{FAE04EC0-301F-11D3-BF4B-00C04F79EFBC}") = "BuzzyGo.QueueMonitor", "WorkerRole1\BuzzyGo.QueueMonitor.csproj", "{6EBB203D-95DD-4446-A9DD-B5BAF76F9114}"
	ProjectSection(ProjectDependencies) = postProject
		{77AB7615-49B9-403E-A08A-34D8CE904550} = {77AB7615-49B9-403E-A08A-34D8CE904550}
		{CA963138-AD0A-4E42-B214-17F29880AB36} = {CA963138-AD0A-4E42-B214-17F29880AB36}
		{4251FA48-4182-431A-A335-D8AD9C9B5F8F} = {4251FA48-4182-431A-A335-D8AD9C9B5F8F}
		{1A53F757-D29F-4EB1-AE08-60550F54CFCE} = {1A53F757-D29F-4EB1-AE08-60550F54CFCE}
		{9140115A-95E6-4178-B6DB-3C32F360B2D6} = {9140115A-95E6-4178-B6DB-3C32F360B2D6}
		{50CDC4F0-4227-412B-A622-DE398E348545} = {50CDC4F0-4227-412B-A622-DE398E348545}
	EndProjectSection
EndProject
Project("{FAE04EC0-301F-11D3-BF4B-00C04F79EFBC}") = "BuzzyGo.Controllers", "BuzzyGo.Controllers\BuzzyGo.Controllers.csproj", "{9622BC1E-D653-4211-8A6C-0F6F975B5970}"
	ProjectSection(ProjectDependencies) = postProject
		{77AB7615-49B9-403E-A08A-34D8CE904550} = {77AB7615-49B9-403E-A08A-34D8CE904550}
		{1A53F757-D29F-4EB1-AE08-60550F54CFCE} = {1A53F757-D29F-4EB1-AE08-60550F54CFCE}
		{9140115A-95E6-4178-B6DB-3C32F360B2D6} = {9140115A-95E6-4178-B6DB-3C32F360B2D6}
		{DF4AF56C-DF1F-4541-9C0F-5FB53EC01E59} = {DF4AF56C-DF1F-4541-9C0F-5FB53EC01E59}
	EndProjectSection
EndProject
Project("{2150E333-8FDC-42A3-9474-1A3956D46DE8}") = "Web", "Web", "{7A9C0EFA-B37B-4D6D-A602-C95400F7563D}"
EndProject
Project("{2150E333-8FDC-42A3-9474-1A3956D46DE8}") = "Cloud", "Cloud", "{328CB45D-677D-4348-8214-6F5EAF66A615}"
EndProject
Project("{FAE04EC0-301F-11D3-BF4B-00C04F79EFBC}") = "BuzzyGo.Web.Utility", "BuzzyGo.Web.Utility\BuzzyGo.Web.Utility.csproj", "{DF4AF56C-DF1F-4541-9C0F-5FB53EC01E59}"
EndProject
Project("{FAE04EC0-301F-11D3-BF4B-00C04F79EFBC}") = "BuzzyGo.Utilities", "BuzzyGo.Utilities\BuzzyGo.Utilities.csproj", "{1A53F757-D29F-4EB1-AE08-60550F54CFCE}"
EndProject
Project("{FAE04EC0-301F-11D3-BF4B-00C04F79EFBC}") = "BuzzyGo.Model", "BuzzyGo.Model\BuzzyGo.Model.csproj", "{4E9884F6-4BC5-4781-8562-C0192AC4FA6F}"
	ProjectSection(ProjectDependencies) = postProject
		{77AB7615-49B9-403E-A08A-34D8CE904550} = {77AB7615-49B9-403E-A08A-34D8CE904550}
	EndProjectSection
EndProject
Project("{2150E333-8FDC-42A3-9474-1A3956D46DE8}") = "Tests", "Tests", "{190BFF97-2546-4F82-9054-256F6E8977AB}"
EndProject
Global
	GlobalSection(SolutionConfigurationPlatforms) = preSolution
		Debug|Any CPU = Debug|Any CPU
		Release|Any CPU = Release|Any CPU
	EndGlobalSection
	GlobalSection(ProjectConfigurationPlatforms) = postSolution
		{9140115A-95E6-4178-B6DB-3C32F360B2D6}.Debug|Any CPU.ActiveCfg = Debug|Any CPU
		{9140115A-95E6-4178-B6DB-3C32F360B2D6}.Debug|Any CPU.Build.0 = Debug|Any CPU
		{9140115A-95E6-4178-B6DB-3C32F360B2D6}.Release|Any CPU.ActiveCfg = Release|Any CPU
		{9140115A-95E6-4178-B6DB-3C32F360B2D6}.Release|Any CPU.Build.0 = Release|Any CPU
		{50CDC4F0-4227-412B-A622-DE398E348545}.Debug|Any CPU.ActiveCfg = Debug|Any CPU
		{50CDC4F0-4227-412B-A622-DE398E348545}.Debug|Any CPU.Build.0 = Debug|Any CPU
		{50CDC4F0-4227-412B-A622-DE398E348545}.Release|Any CPU.ActiveCfg = Release|Any CPU
		{50CDC4F0-4227-412B-A622-DE398E348545}.Release|Any CPU.Build.0 = Release|Any CPU
		{CA963138-AD0A-4E42-B214-17F29880AB36}.Debug|Any CPU.ActiveCfg = Debug|Any CPU
		{CA963138-AD0A-4E42-B214-17F29880AB36}.Debug|Any CPU.Build.0 = Debug|Any CPU
		{CA963138-AD0A-4E42-B214-17F29880AB36}.Release|Any CPU.ActiveCfg = Release|Any CPU
		{CA963138-AD0A-4E42-B214-17F29880AB36}.Release|Any CPU.Build.0 = Release|Any CPU
		{4251FA48-4182-431A-A335-D8AD9C9B5F8F}.Debug|Any CPU.ActiveCfg = Debug|Any CPU
		{4251FA48-4182-431A-A335-D8AD9C9B5F8F}.Debug|Any CPU.Build.0 = Debug|Any CPU
		{4251FA48-4182-431A-A335-D8AD9C9B5F8F}.Release|Any CPU.ActiveCfg = Release|Any CPU
		{4251FA48-4182-431A-A335-D8AD9C9B5F8F}.Release|Any CPU.Build.0 = Release|Any CPU
		{77AB7615-49B9-403E-A08A-34D8CE904550}.Debug|Any CPU.ActiveCfg = Debug|Any CPU
		{77AB7615-49B9-403E-A08A-34D8CE904550}.Debug|Any CPU.Build.0 = Debug|Any CPU
		{77AB7615-49B9-403E-A08A-34D8CE904550}.Release|Any CPU.ActiveCfg = Release|Any CPU
		{77AB7615-49B9-403E-A08A-34D8CE904550}.Release|Any CPU.Build.0 = Release|Any CPU
		{E59FE9CE-B962-4209-9F44-1EC244DAFFA6}.Debug|Any CPU.ActiveCfg = Debug|Any CPU
		{E59FE9CE-B962-4209-9F44-1EC244DAFFA6}.Debug|Any CPU.Build.0 = Debug|Any CPU
		{E59FE9CE-B962-4209-9F44-1EC244DAFFA6}.Release|Any CPU.ActiveCfg = Release|Any CPU
		{E59FE9CE-B962-4209-9F44-1EC244DAFFA6}.Release|Any CPU.Build.0 = Release|Any CPU
		{04E13AE0-924F-45A5-9018-2BA1C4094ACA}.Debug|Any CPU.ActiveCfg = Debug|Any CPU
		{04E13AE0-924F-45A5-9018-2BA1C4094ACA}.Debug|Any CPU.Build.0 = Debug|Any CPU
		{04E13AE0-924F-45A5-9018-2BA1C4094ACA}.Release|Any CPU.ActiveCfg = Release|Any CPU
		{04E13AE0-924F-45A5-9018-2BA1C4094ACA}.Release|Any CPU.Build.0 = Release|Any CPU
		{6EBB203D-95DD-4446-A9DD-B5BAF76F9114}.Debug|Any CPU.ActiveCfg = Debug|Any CPU
		{6EBB203D-95DD-4446-A9DD-B5BAF76F9114}.Debug|Any CPU.Build.0 = Debug|Any CPU
		{6EBB203D-95DD-4446-A9DD-B5BAF76F9114}.Release|Any CPU.ActiveCfg = Release|Any CPU
		{6EBB203D-95DD-4446-A9DD-B5BAF76F9114}.Release|Any CPU.Build.0 = Release|Any CPU
		{9622BC1E-D653-4211-8A6C-0F6F975B5970}.Debug|Any CPU.ActiveCfg = Debug|Any CPU
		{9622BC1E-D653-4211-8A6C-0F6F975B5970}.Debug|Any CPU.Build.0 = Debug|Any CPU
		{9622BC1E-D653-4211-8A6C-0F6F975B5970}.Release|Any CPU.ActiveCfg = Release|Any CPU
		{9622BC1E-D653-4211-8A6C-0F6F975B5970}.Release|Any CPU.Build.0 = Release|Any CPU
		{DF4AF56C-DF1F-4541-9C0F-5FB53EC01E59}.Debug|Any CPU.ActiveCfg = Debug|Any CPU
		{DF4AF56C-DF1F-4541-9C0F-5FB53EC01E59}.Debug|Any CPU.Build.0 = Debug|Any CPU
		{DF4AF56C-DF1F-4541-9C0F-5FB53EC01E59}.Release|Any CPU.ActiveCfg = Release|Any CPU
		{DF4AF56C-DF1F-4541-9C0F-5FB53EC01E59}.Release|Any CPU.Build.0 = Release|Any CPU
		{1A53F757-D29F-4EB1-AE08-60550F54CFCE}.Debug|Any CPU.ActiveCfg = Debug|Any CPU
		{1A53F757-D29F-4EB1-AE08-60550F54CFCE}.Debug|Any CPU.Build.0 = Debug|Any CPU
		{1A53F757-D29F-4EB1-AE08-60550F54CFCE}.Release|Any CPU.ActiveCfg = Release|Any CPU
		{1A53F757-D29F-4EB1-AE08-60550F54CFCE}.Release|Any CPU.Build.0 = Release|Any CPU
		{4E9884F6-4BC5-4781-8562-C0192AC4FA6F}.Debug|Any CPU.ActiveCfg = Debug|Any CPU
		{4E9884F6-4BC5-4781-8562-C0192AC4FA6F}.Debug|Any CPU.Build.0 = Debug|Any CPU
		{4E9884F6-4BC5-4781-8562-C0192AC4FA6F}.Release|Any CPU.ActiveCfg = Release|Any CPU
		{4E9884F6-4BC5-4781-8562-C0192AC4FA6F}.Release|Any CPU.Build.0 = Release|Any CPU
	EndGlobalSection
	GlobalSection(SolutionProperties) = preSolution
		HideSolutionNode = FALSE
	EndGlobalSection
	GlobalSection(NestedProjects) = preSolution
		{50CDC4F0-4227-412B-A622-DE398E348545} = {6E99F53C-CF82-4D33-99E2-25FE8A98F496}
		{CA963138-AD0A-4E42-B214-17F29880AB36} = {6E99F53C-CF82-4D33-99E2-25FE8A98F496}
		{4251FA48-4182-431A-A335-D8AD9C9B5F8F} = {6E99F53C-CF82-4D33-99E2-25FE8A98F496}
		{9140115A-95E6-4178-B6DB-3C32F360B2D6} = {6E99F53C-CF82-4D33-99E2-25FE8A98F496}
		{77AB7615-49B9-403E-A08A-34D8CE904550} = {6E99F53C-CF82-4D33-99E2-25FE8A98F496}
		{1A53F757-D29F-4EB1-AE08-60550F54CFCE} = {6E99F53C-CF82-4D33-99E2-25FE8A98F496}
		{4E9884F6-4BC5-4781-8562-C0192AC4FA6F} = {6E99F53C-CF82-4D33-99E2-25FE8A98F496}
		{9622BC1E-D653-4211-8A6C-0F6F975B5970} = {7A9C0EFA-B37B-4D6D-A602-C95400F7563D}
		{04E13AE0-924F-45A5-9018-2BA1C4094ACA} = {7A9C0EFA-B37B-4D6D-A602-C95400F7563D}
		{DF4AF56C-DF1F-4541-9C0F-5FB53EC01E59} = {7A9C0EFA-B37B-4D6D-A602-C95400F7563D}
		{6EBB203D-95DD-4446-A9DD-B5BAF76F9114} = {328CB45D-677D-4348-8214-6F5EAF66A615}
		{E59FE9CE-B962-4209-9F44-1EC244DAFFA6} = {328CB45D-677D-4348-8214-6F5EAF66A615}
	EndGlobalSection
EndGlobal
